
Microsoft Visual Studio Solution File, Format Version 12.00
# Visual Studio Version 17
VisualStudioVersion = 17.9.34728.123
MinimumVisualStudioVersion = 10.0.40219.1
Project("{9A19103F-16F7-4668-BE54-9A1E7A4F7556}") = "API", "API\API.csproj", "{F8EDD43A-2DB7-42E8-8EE1-A7A8BEDED5F1}"
EndProject
Project("{9A19103F-16F7-4668-BE54-9A1E7A4F7556}") = "Core", "Core\Core.csproj", "{5BBF217C-7720-4B9A-9A9F-02B28A54E14E}"
EndProject
Project("{9A19103F-16F7-4668-BE54-9A1E7A4F7556}") = "Infrastructure", "Infrastructure\Infrastructure.csproj", "{06218834-8DD4-46E5-812C-739443D035C0}"
EndProject
Project("{FAE04EC0-301F-11D3-BF4B-00C04F79EFBC}") = "Tests", "Tests\Tests.csproj", "{A140CB02-C8E3-46EC-802F-4FB57E61E369}"
EndProject
Global
	GlobalSection(SolutionConfigurationPlatforms) = preSolution
		Debug|Any CPU = Debug|Any CPU
		Release|Any CPU = Release|Any CPU
	EndGlobalSection
	GlobalSection(ProjectConfigurationPlatforms) = postSolution
		{F8EDD43A-2DB7-42E8-8EE1-A7A8BEDED5F1}.Debug|Any CPU.ActiveCfg = Debug|Any CPU
		{F8EDD43A-2DB7-42E8-8EE1-A7A8BEDED5F1}.Debug|Any CPU.Build.0 = Debug|Any CPU
		{F8EDD43A-2DB7-42E8-8EE1-A7A8BEDED5F1}.Release|Any CPU.ActiveCfg = Release|Any CPU
		{F8EDD43A-2DB7-42E8-8EE1-A7A8BEDED5F1}.Release|Any CPU.Build.0 = Release|Any CPU
		{5BBF217C-7720-4B9A-9A9F-02B28A54E14E}.Debug|Any CPU.ActiveCfg = Debug|Any CPU
		{5BBF217C-7720-4B9A-9A9F-02B28A54E14E}.Debug|Any CPU.Build.0 = Debug|Any CPU
		{5BBF217C-7720-4B9A-9A9F-02B28A54E14E}.Release|Any CPU.ActiveCfg = Release|Any CPU
		{5BBF217C-7720-4B9A-9A9F-02B28A54E14E}.Release|Any CPU.Build.0 = Release|Any CPU
		{06218834-8DD4-46E5-812C-739443D035C0}.Debug|Any CPU.ActiveCfg = Debug|Any CPU
		{06218834-8DD4-46E5-812C-739443D035C0}.Debug|Any CPU.Build.0 = Debug|Any CPU
		{06218834-8DD4-46E5-812C-739443D035C0}.Release|Any CPU.ActiveCfg = Release|Any CPU
		{06218834-8DD4-46E5-812C-739443D035C0}.Release|Any CPU.Build.0 = Release|Any CPU
		{A140CB02-C8E3-46EC-802F-4FB57E61E369}.Debug|Any CPU.ActiveCfg = Debug|Any CPU
		{A140CB02-C8E3-46EC-802F-4FB57E61E369}.Debug|Any CPU.Build.0 = Debug|Any CPU
		{A140CB02-C8E3-46EC-802F-4FB57E61E369}.Release|Any CPU.ActiveCfg = Release|Any CPU
		{A140CB02-C8E3-46EC-802F-4FB57E61E369}.Release|Any CPU.Build.0 = Release|Any CPU
	EndGlobalSection
	GlobalSection(SolutionProperties) = preSolution
		HideSolutionNode = FALSE
	EndGlobalSection
	GlobalSection(ExtensibilityGlobals) = postSolution
		SolutionGuid = {83B60E0D-2ABB-4A00-9110-4F13CB7602F7}
	EndGlobalSection
EndGlobal
